
Microsoft Visual Studio Solution File, Format Version 12.00
# Visual Studio Version 18
VisualStudioVersion = 18.0.11104.47
MinimumVisualStudioVersion = 10.0.40219.1
Project("{FAE04EC0-301F-11D3-BF4B-00C04F79EFBC}") = "IntegratoR.Abstractions", "IntegratoR.Abstractions\IntegratoR.Abstractions.csproj", "{7561604B-791D-47EC-8FEF-736C7B35CDBE}"
EndProject
Project("{FAE04EC0-301F-11D3-BF4B-00C04F79EFBC}") = "IntegratoR.OData", "IntegratoR.OData\IntegratoR.OData.csproj", "{0D802FFB-465D-45D0-AD1A-9DC9C0028970}"
EndProject
Project("{FAE04EC0-301F-11D3-BF4B-00C04F79EFBC}") = "IntegratoR.Application", "IntegratoR.Application\IntegratoR.Application.csproj", "{9A9C3338-0E68-4F96-B097-B8899748D5B4}"
EndProject
Project("{FAE04EC0-301F-11D3-BF4B-00C04F79EFBC}") = "IntegratoR.SampleFunction", "IntegratoR.SampleFunction\IntegratoR.SampleFunction.csproj", "{25B880BD-A873-4CBB-9588-53AF1BB7A2DA}"
EndProject
Project("{FAE04EC0-301F-11D3-BF4B-00C04F79EFBC}") = "IntegratoR.RELion", "IntegratoR.RELion\IntegratoR.RELion.csproj", "{9D64C100-CE3A-48DB-811E-A1E8B28C9F3B}"
EndProject
Project("{FAE04EC0-301F-11D3-BF4B-00C04F79EFBC}") = "IntegratoR.OData.FO", "IntegratoR.OData.FO\IntegratoR.OData.FO.csproj", "{0349ADC3-C923-4D9B-A242-E1E91499F1C8}"
EndProject
Project("{2150E333-8FDC-42A3-9474-1A3956D46DE8}") = "tests", "tests", "{0AB3BF05-4346-4AA6-1389-037BE0695223}"
EndProject
Project("{FAE04EC0-301F-11D3-BF4B-00C04F79EFBC}") = "IntegratoR.TestKit", "tests\IntegratoR.TestKit\IntegratoR.TestKit.csproj", "{FC0804A6-D048-433C-898A-FADA4932ACE5}"
EndProject
Project("{FAE04EC0-301F-11D3-BF4B-00C04F79EFBC}") = "IntegratoR.TestKit.Tests", "tests\IntegratoR.TestKit.Tests\IntegratoR.TestKit.Tests.csproj", "{A279D4C1-AB86-4F64-BD50-7BD0077E2BC1}"
EndProject
Project("{FAE04EC0-301F-11D3-BF4B-00C04F79EFBC}") = "IntegratoR.Abstractions.Tests", "tests\IntegratoR.Abstractions.Tests\IntegratoR.Abstractions.Tests.csproj", "{0B46E80D-C2F9-4097-AD70-E7D9039052B9}"
EndProject
Project("{FAE04EC0-301F-11D3-BF4B-00C04F79EFBC}") = "IntegratoR.Application.Tests", "tests\IntegratoR.Application.Tests\IntegratoR.Application.Tests.csproj", "{D4376976-8367-47B3-881F-5C1646C29BC5}"
EndProject
Project("{FAE04EC0-301F-11D3-BF4B-00C04F79EFBC}") = "IntegratoR.OData.Tests", "tests\IntegratoR.OData.Tests\IntegratoR.OData.Tests.csproj", "{98CE584C-1CE5-438C-9361-E7B1BCB7C9E5}"
EndProject
Project("{FAE04EC0-301F-11D3-BF4B-00C04F79EFBC}") = "IntegratoR.OData.FO.Tests", "tests\IntegratoR.OData.FO.Tests\IntegratoR.OData.FO.Tests.csproj", "{69879FA7-740F-4887-B888-F81DA9C666B2}"
EndProject
Project("{FAE04EC0-301F-11D3-BF4B-00C04F79EFBC}") = "IntegratoR.RELion.Tests", "tests\IntegratoR.RELion.Tests\IntegratoR.RELion.Tests.csproj", "{C8DF8494-7CC2-4929-A252-E6F396D36DBD}"
EndProject
Project("{FAE04EC0-301F-11D3-BF4B-00C04F79EFBC}") = "IntegratoR.Hosting", "IntegratoR.Hosting\IntegratoR.Hosting.csproj", "{56A05844-2535-44E4-BAA9-F0DABCF0F149}"
EndProject
Project("{FAE04EC0-301F-11D3-BF4B-00C04F79EFBC}") = "IntegratoR.Hosting.Tests", "tests\IntegratoR.Hosting.Tests\IntegratoR.Hosting.Tests.csproj", "{92DE08F6-C3B0-4BD9-804F-11236EBE92F8}"
EndProject
Global
	GlobalSection(SolutionConfigurationPlatforms) = preSolution
		Debug|Any CPU = Debug|Any CPU
		Debug|x64 = Debug|x64
		Debug|x86 = Debug|x86
		Release|Any CPU = Release|Any CPU
		Release|x64 = Release|x64
		Release|x86 = Release|x86
	EndGlobalSection
	GlobalSection(ProjectConfigurationPlatforms) = postSolution
		{7561604B-791D-47EC-8FEF-736C7B35CDBE}.Debug|Any CPU.ActiveCfg = Debug|Any CPU
		{7561604B-791D-47EC-8FEF-736C7B35CDBE}.Debug|Any CPU.Build.0 = Debug|Any CPU
		{7561604B-791D-47EC-8FEF-736C7B35CDBE}.Debug|x64.ActiveCfg = Debug|Any CPU
		{7561604B-791D-47EC-8FEF-736C7B35CDBE}.Debug|x64.Build.0 = Debug|Any CPU
		{7561604B-791D-47EC-8FEF-736C7B35CDBE}.Debug|x86.ActiveCfg = Debug|Any CPU
		{7561604B-791D-47EC-8FEF-736C7B35CDBE}.Debug|x86.Build.0 = Debug|Any CPU
		{7561604B-791D-47EC-8FEF-736C7B35CDBE}.Release|Any CPU.ActiveCfg = Release|Any CPU
		{7561604B-791D-47EC-8FEF-736C7B35CDBE}.Release|Any CPU.Build.0 = Release|Any CPU
		{7561604B-791D-47EC-8FEF-736C7B35CDBE}.Release|x64.ActiveCfg = Release|Any CPU
		{7561604B-791D-47EC-8FEF-736C7B35CDBE}.Release|x64.Build.0 = Release|Any CPU
		{7561604B-791D-47EC-8FEF-736C7B35CDBE}.Release|x86.ActiveCfg = Release|Any CPU
		{7561604B-791D-47EC-8FEF-736C7B35CDBE}.Release|x86.Build.0 = Release|Any CPU
		{0D802FFB-465D-45D0-AD1A-9DC9C0028970}.Debug|Any CPU.ActiveCfg = Debug|Any CPU
		{0D802FFB-465D-45D0-AD1A-9DC9C0028970}.Debug|Any CPU.Build.0 = Debug|Any CPU
		{0D802FFB-465D-45D0-AD1A-9DC9C0028970}.Debug|x64.ActiveCfg = Debug|Any CPU
		{0D802FFB-465D-45D0-AD1A-9DC9C0028970}.Debug|x64.Build.0 = Debug|Any CPU
		{0D802FFB-465D-45D0-AD1A-9DC9C0028970}.Debug|x86.ActiveCfg = Debug|Any CPU
		{0D802FFB-465D-45D0-AD1A-9DC9C0028970}.Debug|x86.Build.0 = Debug|Any CPU
		{0D802FFB-465D-45D0-AD1A-9DC9C0028970}.Release|Any CPU.ActiveCfg = Release|Any CPU
		{0D802FFB-465D-45D0-AD1A-9DC9C0028970}.Release|Any CPU.Build.0 = Release|Any CPU
		{0D802FFB-465D-45D0-AD1A-9DC9C0028970}.Release|x64.ActiveCfg = Release|Any CPU
		{0D802FFB-465D-45D0-AD1A-9DC9C0028970}.Release|x64.Build.0 = Release|Any CPU
		{0D802FFB-465D-45D0-AD1A-9DC9C0028970}.Release|x86.ActiveCfg = Release|Any CPU
		{0D802FFB-465D-45D0-AD1A-9DC9C0028970}.Release|x86.Build.0 = Release|Any CPU
		{9A9C3338-0E68-4F96-B097-B8899748D5B4}.Debug|Any CPU.ActiveCfg = Debug|Any CPU
		{9A9C3338-0E68-4F96-B097-B8899748D5B4}.Debug|Any CPU.Build.0 = Debug|Any CPU
		{9A9C3338-0E68-4F96-B097-B8899748D5B4}.Debug|x64.ActiveCfg = Debug|Any CPU
		{9A9C3338-0E68-4F96-B097-B8899748D5B4}.Debug|x64.Build.0 = Debug|Any CPU
		{9A9C3338-0E68-4F96-B097-B8899748D5B4}.Debug|x86.ActiveCfg = Debug|Any CPU
		{9A9C3338-0E68-4F96-B097-B8899748D5B4}.Debug|x86.Build.0 = Debug|Any CPU
		{9A9C3338-0E68-4F96-B097-B8899748D5B4}.Release|Any CPU.ActiveCfg = Release|Any CPU
		{9A9C3338-0E68-4F96-B097-B8899748D5B4}.Release|Any CPU.Build.0 = Release|Any CPU
		{9A9C3338-0E68-4F96-B097-B8899748D5B4}.Release|x64.ActiveCfg = Release|Any CPU
		{9A9C3338-0E68-4F96-B097-B8899748D5B4}.Release|x64.Build.0 = Release|Any CPU
		{9A9C3338-0E68-4F96-B097-B8899748D5B4}.Release|x86.ActiveCfg = Release|Any CPU
		{9A9C3338-0E68-4F96-B097-B8899748D5B4}.Release|x86.Build.0 = Release|Any CPU
		{25B880BD-A873-4CBB-9588-53AF1BB7A2DA}.Debug|Any CPU.ActiveCfg = Debug|Any CPU
		{25B880BD-A873-4CBB-9588-53AF1BB7A2DA}.Debug|Any CPU.Build.0 = Debug|Any CPU
		{25B880BD-A873-4CBB-9588-53AF1BB7A2DA}.Debug|x64.ActiveCfg = Debug|Any CPU
		{25B880BD-A873-4CBB-9588-53AF1BB7A2DA}.Debug|x64.Build.0 = Debug|Any CPU
		{25B880BD-A873-4CBB-9588-53AF1BB7A2DA}.Debug|x86.ActiveCfg = Debug|Any CPU
		{25B880BD-A873-4CBB-9588-53AF1BB7A2DA}.Debug|x86.Build.0 = Debug|Any CPU
		{25B880BD-A873-4CBB-9588-53AF1BB7A2DA}.Release|Any CPU.ActiveCfg = Release|Any CPU
		{25B880BD-A873-4CBB-9588-53AF1BB7A2DA}.Release|Any CPU.Build.0 = Release|Any CPU
		{25B880BD-A873-4CBB-9588-53AF1BB7A2DA}.Release|x64.ActiveCfg = Release|Any CPU
		{25B880BD-A873-4CBB-9588-53AF1BB7A2DA}.Release|x64.Build.0 = Release|Any CPU
		{25B880BD-A873-4CBB-9588-53AF1BB7A2DA}.Release|x86.ActiveCfg = Release|Any CPU
		{25B880BD-A873-4CBB-9588-53AF1BB7A2DA}.Release|x86.Build.0 = Release|Any CPU
		{9D64C100-CE3A-48DB-811E-A1E8B28C9F3B}.Debug|Any CPU.ActiveCfg = Debug|Any CPU
		{9D64C100-CE3A-48DB-811E-A1E8B28C9F3B}.Debug|Any CPU.Build.0 = Debug|Any CPU
		{9D64C100-CE3A-48DB-811E-A1E8B28C9F3B}.Debug|x64.ActiveCfg = Debug|Any CPU
		{9D64C100-CE3A-48DB-811E-A1E8B28C9F3B}.Debug|x64.Build.0 = Debug|Any CPU
		{9D64C100-CE3A-48DB-811E-A1E8B28C9F3B}.Debug|x86.ActiveCfg = Debug|Any CPU
		{9D64C100-CE3A-48DB-811E-A1E8B28C9F3B}.Debug|x86.Build.0 = Debug|Any CPU
		{9D64C100-CE3A-48DB-811E-A1E8B28C9F3B}.Release|Any CPU.ActiveCfg = Release|Any CPU
		{9D64C100-CE3A-48DB-811E-A1E8B28C9F3B}.Release|Any CPU.Build.0 = Release|Any CPU
		{9D64C100-CE3A-48DB-811E-A1E8B28C9F3B}.Release|x64.ActiveCfg = Release|Any CPU
		{9D64C100-CE3A-48DB-811E-A1E8B28C9F3B}.Release|x64.Build.0 = Release|Any CPU
		{9D64C100-CE3A-48DB-811E-A1E8B28C9F3B}.Release|x86.ActiveCfg = Release|Any CPU
		{9D64C100-CE3A-48DB-811E-A1E8B28C9F3B}.Release|x86.Build.0 = Release|Any CPU
		{0349ADC3-C923-4D9B-A242-E1E91499F1C8}.Debug|Any CPU.ActiveCfg = Debug|Any CPU
		{0349ADC3-C923-4D9B-A242-E1E91499F1C8}.Debug|Any CPU.Build.0 = Debug|Any CPU
		{0349ADC3-C923-4D9B-A242-E1E91499F1C8}.Debug|x64.ActiveCfg = Debug|Any CPU
		{0349ADC3-C923-4D9B-A242-E1E91499F1C8}.Debug|x64.Build.0 = Debug|Any CPU
		{0349ADC3-C923-4D9B-A242-E1E91499F1C8}.Debug|x86.ActiveCfg = Debug|Any CPU
		{0349ADC3-C923-4D9B-A242-E1E91499F1C8}.Debug|x86.Build.0 = Debug|Any CPU
		{0349ADC3-C923-4D9B-A242-E1E91499F1C8}.Release|Any CPU.ActiveCfg = Release|Any CPU
		{0349ADC3-C923-4D9B-A242-E1E91499F1C8}.Release|Any CPU.Build.0 = Release|Any CPU
		{0349ADC3-C923-4D9B-A242-E1E91499F1C8}.Release|x64.ActiveCfg = Release|Any CPU
		{0349ADC3-C923-4D9B-A242-E1E91499F1C8}.Release|x64.Build.0 = Release|Any CPU
		{0349ADC3-C923-4D9B-A242-E1E91499F1C8}.Release|x86.ActiveCfg = Release|Any CPU
		{0349ADC3-C923-4D9B-A242-E1E91499F1C8}.Release|x86.Build.0 = Release|Any CPU
		{FC0804A6-D048-433C-898A-FADA4932ACE5}.Debug|Any CPU.ActiveCfg = Debug|Any CPU
		{FC0804A6-D048-433C-898A-FADA4932ACE5}.Debug|Any CPU.Build.0 = Debug|Any CPU
		{FC0804A6-D048-433C-898A-FADA4932ACE5}.Debug|x64.ActiveCfg = Debug|Any CPU
		{FC0804A6-D048-433C-898A-FADA4932ACE5}.Debug|x64.Build.0 = Debug|Any CPU
		{FC0804A6-D048-433C-898A-FADA4932ACE5}.Debug|x86.ActiveCfg = Debug|Any CPU
		{FC0804A6-D048-433C-898A-FADA4932ACE5}.Debug|x86.Build.0 = Debug|Any CPU
		{FC0804A6-D048-433C-898A-FADA4932ACE5}.Release|Any CPU.ActiveCfg = Release|Any CPU
		{FC0804A6-D048-433C-898A-FADA4932ACE5}.Release|Any CPU.Build.0 = Release|Any CPU
		{FC0804A6-D048-433C-898A-FADA4932ACE5}.Release|x64.ActiveCfg = Release|Any CPU
		{FC0804A6-D048-433C-898A-FADA4932ACE5}.Release|x64.Build.0 = Release|Any CPU
		{FC0804A6-D048-433C-898A-FADA4932ACE5}.Release|x86.ActiveCfg = Release|Any CPU
		{FC0804A6-D048-433C-898A-FADA4932ACE5}.Release|x86.Build.0 = Release|Any CPU
		{A279D4C1-AB86-4F64-BD50-7BD0077E2BC1}.Debug|Any CPU.ActiveCfg = Debug|Any CPU
		{A279D4C1-AB86-4F64-BD50-7BD0077E2BC1}.Debug|Any CPU.Build.0 = Debug|Any CPU
		{A279D4C1-AB86-4F64-BD50-7BD0077E2BC1}.Debug|x64.ActiveCfg = Debug|Any CPU
		{A279D4C1-AB86-4F64-BD50-7BD0077E2BC1}.Debug|x64.Build.0 = Debug|Any CPU
		{A279D4C1-AB86-4F64-BD50-7BD0077E2BC1}.Debug|x86.ActiveCfg = Debug|Any CPU
		{A279D4C1-AB86-4F64-BD50-7BD0077E2BC1}.Debug|x86.Build.0 = Debug|Any CPU
		{A279D4C1-AB86-4F64-BD50-7BD0077E2BC1}.Release|Any CPU.ActiveCfg = Release|Any CPU
		{A279D4C1-AB86-4F64-BD50-7BD0077E2BC1}.Release|Any CPU.Build.0 = Release|Any CPU
		{A279D4C1-AB86-4F64-BD50-7BD0077E2BC1}.Release|x64.ActiveCfg = Release|Any CPU
		{A279D4C1-AB86-4F64-BD50-7BD0077E2BC1}.Release|x64.Build.0 = Release|Any CPU
		{A279D4C1-AB86-4F64-BD50-7BD0077E2BC1}.Release|x86.ActiveCfg = Release|Any CPU
		{A279D4C1-AB86-4F64-BD50-7BD0077E2BC1}.Release|x86.Build.0 = Release|Any CPU
		{0B46E80D-C2F9-4097-AD70-E7D9039052B9}.Debug|Any CPU.ActiveCfg = Debug|Any CPU
		{0B46E80D-C2F9-4097-AD70-E7D9039052B9}.Debug|Any CPU.Build.0 = Debug|Any CPU
		{0B46E80D-C2F9-4097-AD70-E7D9039052B9}.Debug|x64.ActiveCfg = Debug|Any CPU
		{0B46E80D-C2F9-4097-AD70-E7D9039052B9}.Debug|x64.Build.0 = Debug|Any CPU
		{0B46E80D-C2F9-4097-AD70-E7D9039052B9}.Debug|x86.ActiveCfg = Debug|Any CPU
		{0B46E80D-C2F9-4097-AD70-E7D9039052B9}.Debug|x86.Build.0 = Debug|Any CPU
		{0B46E80D-C2F9-4097-AD70-E7D9039052B9}.Release|Any CPU.ActiveCfg = Release|Any CPU
		{0B46E80D-C2F9-4097-AD70-E7D9039052B9}.Release|Any CPU.Build.0 = Release|Any CPU
		{0B46E80D-C2F9-4097-AD70-E7D9039052B9}.Release|x64.ActiveCfg = Release|Any CPU
		{0B46E80D-C2F9-4097-AD70-E7D9039052B9}.Release|x64.Build.0 = Release|Any CPU
		{0B46E80D-C2F9-4097-AD70-E7D9039052B9}.Release|x86.ActiveCfg = Release|Any CPU
		{0B46E80D-C2F9-4097-AD70-E7D9039052B9}.Release|x86.Build.0 = Release|Any CPU
		{D4376976-8367-47B3-881F-5C1646C29BC5}.Debug|Any CPU.ActiveCfg = Debug|Any CPU
		{D4376976-8367-47B3-881F-5C1646C29BC5}.Debug|Any CPU.Build.0 = Debug|Any CPU
		{D4376976-8367-47B3-881F-5C1646C29BC5}.Debug|x64.ActiveCfg = Debug|Any CPU
		{D4376976-8367-47B3-881F-5C1646C29BC5}.Debug|x64.Build.0 = Debug|Any CPU
		{D4376976-8367-47B3-881F-5C1646C29BC5}.Debug|x86.ActiveCfg = Debug|Any CPU
		{D4376976-8367-47B3-881F-5C1646C29BC5}.Debug|x86.Build.0 = Debug|Any CPU
		{D4376976-8367-47B3-881F-5C1646C29BC5}.Release|Any CPU.ActiveCfg = Release|Any CPU
		{D4376976-8367-47B3-881F-5C1646C29BC5}.Release|Any CPU.Build.0 = Release|Any CPU
		{D4376976-8367-47B3-881F-5C1646C29BC5}.Release|x64.ActiveCfg = Release|Any CPU
		{D4376976-8367-47B3-881F-5C1646C29BC5}.Release|x64.Build.0 = Release|Any CPU
		{D4376976-8367-47B3-881F-5C1646C29BC5}.Release|x86.ActiveCfg = Release|Any CPU
		{D4376976-8367-47B3-881F-5C1646C29BC5}.Release|x86.Build.0 = Release|Any CPU
		{98CE584C-1CE5-438C-9361-E7B1BCB7C9E5}.Debug|Any CPU.ActiveCfg = Debug|Any CPU
		{98CE584C-1CE5-438C-9361-E7B1BCB7C9E5}.Debug|Any CPU.Build.0 = Debug|Any CPU
		{98CE584C-1CE5-438C-9361-E7B1BCB7C9E5}.Debug|x64.ActiveCfg = Debug|Any CPU
		{98CE584C-1CE5-438C-9361-E7B1BCB7C9E5}.Debug|x64.Build.0 = Debug|Any CPU
		{98CE584C-1CE5-438C-9361-E7B1BCB7C9E5}.Debug|x86.ActiveCfg = Debug|Any CPU
		{98CE584C-1CE5-438C-9361-E7B1BCB7C9E5}.Debug|x86.Build.0 = Debug|Any CPU
		{98CE584C-1CE5-438C-9361-E7B1BCB7C9E5}.Release|Any CPU.ActiveCfg = Release|Any CPU
		{98CE584C-1CE5-438C-9361-E7B1BCB7C9E5}.Release|Any CPU.Build.0 = Release|Any CPU
		{98CE584C-1CE5-438C-9361-E7B1BCB7C9E5}.Release|x64.ActiveCfg = Release|Any CPU
		{98CE584C-1CE5-438C-9361-E7B1BCB7C9E5}.Release|x64.Build.0 = Release|Any CPU
		{98CE584C-1CE5-438C-9361-E7B1BCB7C9E5}.Release|x86.ActiveCfg = Release|Any CPU
		{98CE584C-1CE5-438C-9361-E7B1BCB7C9E5}.Release|x86.Build.0 = Release|Any CPU
		{69879FA7-740F-4887-B888-F81DA9C666B2}.Debug|Any CPU.ActiveCfg = Debug|Any CPU
		{69879FA7-740F-4887-B888-F81DA9C666B2}.Debug|Any CPU.Build.0 = Debug|Any CPU
		{69879FA7-740F-4887-B888-F81DA9C666B2}.Debug|x64.ActiveCfg = Debug|Any CPU
		{69879FA7-740F-4887-B888-F81DA9C666B2}.Debug|x64.Build.0 = Debug|Any CPU
		{69879FA7-740F-4887-B888-F81DA9C666B2}.Debug|x86.ActiveCfg = Debug|Any CPU
		{69879FA7-740F-4887-B888-F81DA9C666B2}.Debug|x86.Build.0 = Debug|Any CPU
		{69879FA7-740F-4887-B888-F81DA9C666B2}.Release|Any CPU.ActiveCfg = Release|Any CPU
		{69879FA7-740F-4887-B888-F81DA9C666B2}.Release|Any CPU.Build.0 = Release|Any CPU
		{69879FA7-740F-4887-B888-F81DA9C666B2}.Release|x64.ActiveCfg = Release|Any CPU
		{69879FA7-740F-4887-B888-F81DA9C666B2}.Release|x64.Build.0 = Release|Any CPU
		{69879FA7-740F-4887-B888-F81DA9C666B2}.Release|x86.ActiveCfg = Release|Any CPU
		{69879FA7-740F-4887-B888-F81DA9C666B2}.Release|x86.Build.0 = Release|Any CPU
		{C8DF8494-7CC2-4929-A252-E6F396D36DBD}.Debug|Any CPU.ActiveCfg = Debug|Any CPU
		{C8DF8494-7CC2-4929-A252-E6F396D36DBD}.Debug|Any CPU.Build.0 = Debug|Any CPU
		{C8DF8494-7CC2-4929-A252-E6F396D36DBD}.Debug|x64.ActiveCfg = Debug|Any CPU
		{C8DF8494-7CC2-4929-A252-E6F396D36DBD}.Debug|x64.Build.0 = Debug|Any CPU
		{C8DF8494-7CC2-4929-A252-E6F396D36DBD}.Debug|x86.ActiveCfg = Debug|Any CPU
		{C8DF8494-7CC2-4929-A252-E6F396D36DBD}.Debug|x86.Build.0 = Debug|Any CPU
		{C8DF8494-7CC2-4929-A252-E6F396D36DBD}.Release|Any CPU.ActiveCfg = Release|Any CPU
		{C8DF8494-7CC2-4929-A252-E6F396D36DBD}.Release|Any CPU.Build.0 = Release|Any CPU
		{C8DF8494-7CC2-4929-A252-E6F396D36DBD}.Release|x64.ActiveCfg = Release|Any CPU
		{C8DF8494-7CC2-4929-A252-E6F396D36DBD}.Release|x64.Build.0 = Release|Any CPU
		{C8DF8494-7CC2-4929-A252-E6F396D36DBD}.Release|x86.ActiveCfg = Release|Any CPU
		{C8DF8494-7CC2-4929-A252-E6F396D36DBD}.Release|x86.Build.0 = Release|Any CPU
		{56A05844-2535-44E4-BAA9-F0DABCF0F149}.Debug|Any CPU.ActiveCfg = Debug|Any CPU
		{56A05844-2535-44E4-BAA9-F0DABCF0F149}.Debug|Any CPU.Build.0 = Debug|Any CPU
		{56A05844-2535-44E4-BAA9-F0DABCF0F149}.Debug|x64.ActiveCfg = Debug|Any CPU
		{56A05844-2535-44E4-BAA9-F0DABCF0F149}.Debug|x64.Build.0 = Debug|Any CPU
		{56A05844-2535-44E4-BAA9-F0DABCF0F149}.Debug|x86.ActiveCfg = Debug|Any CPU
		{56A05844-2535-44E4-BAA9-F0DABCF0F149}.Debug|x86.Build.0 = Debug|Any CPU
		{56A05844-2535-44E4-BAA9-F0DABCF0F149}.Release|Any CPU.ActiveCfg = Release|Any CPU
		{56A05844-2535-44E4-BAA9-F0DABCF0F149}.Release|Any CPU.Build.0 = Release|Any CPU
		{56A05844-2535-44E4-BAA9-F0DABCF0F149}.Release|x64.ActiveCfg = Release|Any CPU
		{56A05844-2535-44E4-BAA9-F0DABCF0F149}.Release|x64.Build.0 = Release|Any CPU
		{56A05844-2535-44E4-BAA9-F0DABCF0F149}.Release|x86.ActiveCfg = Release|Any CPU
		{56A05844-2535-44E4-BAA9-F0DABCF0F149}.Release|x86.Build.0 = Release|Any CPU
		{92DE08F6-C3B0-4BD9-804F-11236EBE92F8}.Debug|Any CPU.ActiveCfg = Debug|Any CPU
		{92DE08F6-C3B0-4BD9-804F-11236EBE92F8}.Debug|Any CPU.Build.0 = Debug|Any CPU
		{92DE08F6-C3B0-4BD9-804F-11236EBE92F8}.Debug|x64.ActiveCfg = Debug|Any CPU
		{92DE08F6-C3B0-4BD9-804F-11236EBE92F8}.Debug|x64.Build.0 = Debug|Any CPU
		{92DE08F6-C3B0-4BD9-804F-11236EBE92F8}.Debug|x86.ActiveCfg = Debug|Any CPU
		{92DE08F6-C3B0-4BD9-804F-11236EBE92F8}.Debug|x86.Build.0 = Debug|Any CPU
		{92DE08F6-C3B0-4BD9-804F-11236EBE92F8}.Release|Any CPU.ActiveCfg = Release|Any CPU
		{92DE08F6-C3B0-4BD9-804F-11236EBE92F8}.Release|Any CPU.Build.0 = Release|Any CPU
		{92DE08F6-C3B0-4BD9-804F-11236EBE92F8}.Release|x64.ActiveCfg = Release|Any CPU
		{92DE08F6-C3B0-4BD9-804F-11236EBE92F8}.Release|x64.Build.0 = Release|Any CPU
		{92DE08F6-C3B0-4BD9-804F-11236EBE92F8}.Release|x86.ActiveCfg = Release|Any CPU
		{92DE08F6-C3B0-4BD9-804F-11236EBE92F8}.Release|x86.Build.0 = Release|Any CPU
	EndGlobalSection
	GlobalSection(SolutionProperties) = preSolution
		HideSolutionNode = FALSE
	EndGlobalSection
	GlobalSection(NestedProjects) = preSolution
		{FC0804A6-D048-433C-898A-FADA4932ACE5} = {0AB3BF05-4346-4AA6-1389-037BE0695223}
		{A279D4C1-AB86-4F64-BD50-7BD0077E2BC1} = {0AB3BF05-4346-4AA6-1389-037BE0695223}
		{0B46E80D-C2F9-4097-AD70-E7D9039052B9} = {0AB3BF05-4346-4AA6-1389-037BE0695223}
		{D4376976-8367-47B3-881F-5C1646C29BC5} = {0AB3BF05-4346-4AA6-1389-037BE0695223}
		{98CE584C-1CE5-438C-9361-E7B1BCB7C9E5} = {0AB3BF05-4346-4AA6-1389-037BE0695223}
		{69879FA7-740F-4887-B888-F81DA9C666B2} = {0AB3BF05-4346-4AA6-1389-037BE0695223}
		{C8DF8494-7CC2-4929-A252-E6F396D36DBD} = {0AB3BF05-4346-4AA6-1389-037BE0695223}
		{92DE08F6-C3B0-4BD9-804F-11236EBE92F8} = {0AB3BF05-4346-4AA6-1389-037BE0695223}
	EndGlobalSection
	GlobalSection(ExtensibilityGlobals) = postSolution
		SolutionGuid = {528019D4-938E-4B82-B453-D4EEFF2787CF}
	EndGlobalSection
EndGlobal
